
Microsoft Visual Studio Solution File, Format Version 12.00
# Visual Studio Version 16
VisualStudioVersion = 16.0.30128.74
MinimumVisualStudioVersion = 10.0.40219.1
Project("{9A19103F-16F7-4668-BE54-9A1E7A4F7556}") = "Company.Survey.Core", "Company.Survey.Core\Company.Survey.Core.csproj", "{0BC4307C-9FD1-4F17-B373-14EC14B81B67}"
EndProject
Project("{2150E333-8FDC-42A3-9474-1A3956D46DE8}") = "documentation", "documentation", "{520E87C9-3A51-4DB8-AF89-9C7BC7652289}"
	ProjectSection(SolutionItems) = preProject
		changelog.txt = changelog.txt
		requirements.txt = requirements.txt
	EndProjectSection
EndProject
Project("{FAE04EC0-301F-11D3-BF4B-00C04F79EFBC}") = "Company.Survey.API", "Company.Survey.API\Company.Survey.API.csproj", "{56B64ED9-600D-4EF3-8A6B-4ED23F05A06E}"
EndProject
Global
	GlobalSection(SolutionConfigurationPlatforms) = preSolution
		Debug|Any CPU = Debug|Any CPU
		Release|Any CPU = Release|Any CPU
	EndGlobalSection
	GlobalSection(ProjectConfigurationPlatforms) = postSolution
		{0BC4307C-9FD1-4F17-B373-14EC14B81B67}.Debug|Any CPU.ActiveCfg = Debug|Any CPU
		{0BC4307C-9FD1-4F17-B373-14EC14B81B67}.Debug|Any CPU.Build.0 = Debug|Any CPU
		{0BC4307C-9FD1-4F17-B373-14EC14B81B67}.Release|Any CPU.ActiveCfg = Release|Any CPU
		{0BC4307C-9FD1-4F17-B373-14EC14B81B67}.Release|Any CPU.Build.0 = Release|Any CPU
		{56B64ED9-600D-4EF3-8A6B-4ED23F05A06E}.Debug|Any CPU.ActiveCfg = Debug|Any CPU
		{56B64ED9-600D-4EF3-8A6B-4ED23F05A06E}.Debug|Any CPU.Build.0 = Debug|Any CPU
		{56B64ED9-600D-4EF3-8A6B-4ED23F05A06E}.Release|Any CPU.ActiveCfg = Release|Any CPU
		{56B64ED9-600D-4EF3-8A6B-4ED23F05A06E}.Release|Any CPU.Build.0 = Release|Any CPU
	EndGlobalSection
	GlobalSection(SolutionProperties) = preSolution
		HideSolutionNode = FALSE
	EndGlobalSection
	GlobalSection(ExtensibilityGlobals) = postSolution
		SolutionGuid = {B6EAFF1E-00CF-4394-A67A-F7F42FDBE295}
	EndGlobalSection
EndGlobal
